
Microsoft Visual Studio Solution File, Format Version 12.00
# Visual Studio Version 16
VisualStudioVersion = 16.0.31129.286
MinimumVisualStudioVersion = 10.0.40219.1
Project("{FAE04EC0-301F-11D3-BF4B-00C04F79EFBC}") = "DatabaseVersioning", "DatabaseVersioning.csproj", "{992E69C7-E1EA-40D7-9C0C-B5E4ECA1764B}"
EndProject
Global
	GlobalSection(SolutionConfigurationPlatforms) = preSolution
		Debug|Any CPU = Debug|Any CPU
		Release|Any CPU = Release|Any CPU
	EndGlobalSection
	GlobalSection(ProjectConfigurationPlatforms) = postSolution
		{992E69C7-E1EA-40D7-9C0C-B5E4ECA1764B}.Debug|Any CPU.ActiveCfg = Debug|Any CPU
		{992E69C7-E1EA-40D7-9C0C-B5E4ECA1764B}.Debug|Any CPU.Build.0 = Debug|Any CPU
		{992E69C7-E1EA-40D7-9C0C-B5E4ECA1764B}.Release|Any CPU.ActiveCfg = Release|Any CPU
		{992E69C7-E1EA-40D7-9C0C-B5E4ECA1764B}.Release|Any CPU.Build.0 = Release|Any CPU
	EndGlobalSection
	GlobalSection(SolutionProperties) = preSolution
		HideSolutionNode = FALSE
	EndGlobalSection
	GlobalSection(ExtensibilityGlobals) = postSolution
		SolutionGuid = {11E9C280-C610-4097-B0C2-BD5A0B4EEF9B}
	EndGlobalSection
EndGlobal
